
Microsoft Visual Studio Solution File, Format Version 12.00
# Visual Studio Version 17
VisualStudioVersion = 17.1.32210.238
MinimumVisualStudioVersion = 10.0.40219.1
Project("{9A19103F-16F7-4668-BE54-9A1E7A4F7556}") = "Querist", "Querist.csproj", "{48EC65AA-6706-4838-AF57-A404F3F7C133}"
EndProject
Global
	GlobalSection(SolutionConfigurationPlatforms) = preSolution
		Debug|Any CPU = Debug|Any CPU
		Release|Any CPU = Release|Any CPU
	EndGlobalSection
	GlobalSection(ProjectConfigurationPlatforms) = postSolution
		{48EC65AA-6706-4838-AF57-A404F3F7C133}.Debug|Any CPU.ActiveCfg = Debug|Any CPU
		{48EC65AA-6706-4838-AF57-A404F3F7C133}.Debug|Any CPU.Build.0 = Debug|Any CPU
		{48EC65AA-6706-4838-AF57-A404F3F7C133}.Release|Any CPU.ActiveCfg = Release|Any CPU
		{48EC65AA-6706-4838-AF57-A404F3F7C133}.Release|Any CPU.Build.0 = Release|Any CPU
	EndGlobalSection
	GlobalSection(SolutionProperties) = preSolution
		HideSolutionNode = FALSE
	EndGlobalSection
	GlobalSection(ExtensibilityGlobals) = postSolution
		SolutionGuid = {A205B7B3-B7C0-492F-BA69-66108D81283F}
	EndGlobalSection
EndGlobal
